
Microsoft Visual Studio Solution File, Format Version 12.00
# Visual Studio Version 17
VisualStudioVersion = 17.10.35004.147
MinimumVisualStudioVersion = 10.0.40219.1
Project("{9A19103F-16F7-4668-BE54-9A1E7A4F7556}") = "BackendDevStuff.Patterns.FactoryMethod", "BackendDevStuff.Patterns.FactoryMethod\BackendDevStuff.Patterns.FactoryMethod.csproj", "{739C1C72-220D-4ED6-AC02-B1B1E577CEC9}"
EndProject
Project("{FAE04EC0-301F-11D3-BF4B-00C04F79EFBC}") = "BackendDevStuff.Patterns.Singleton", "BackendDevStuff.Patterns.Singleton\BackendDevStuff.Patterns.Singleton.csproj", "{510DCFDF-F560-4A5B-998A-944D2E8BE17A}"
EndProject
Project("{FAE04EC0-301F-11D3-BF4B-00C04F79EFBC}") = "BackendDevStuff.Patterns.StrategyPattern", "BackendDevStuff.Patterns.StrategyPattern\BackendDevStuff.Patterns.StrategyPattern.csproj", "{4AB395C3-8E77-4201-9DDF-5055BB0CAFFA}"
EndProject
Global
	GlobalSection(SolutionConfigurationPlatforms) = preSolution
		Debug|Any CPU = Debug|Any CPU
		Release|Any CPU = Release|Any CPU
	EndGlobalSection
	GlobalSection(ProjectConfigurationPlatforms) = postSolution
		{739C1C72-220D-4ED6-AC02-B1B1E577CEC9}.Debug|Any CPU.ActiveCfg = Debug|Any CPU
		{739C1C72-220D-4ED6-AC02-B1B1E577CEC9}.Debug|Any CPU.Build.0 = Debug|Any CPU
		{739C1C72-220D-4ED6-AC02-B1B1E577CEC9}.Release|Any CPU.ActiveCfg = Release|Any CPU
		{739C1C72-220D-4ED6-AC02-B1B1E577CEC9}.Release|Any CPU.Build.0 = Release|Any CPU
		{510DCFDF-F560-4A5B-998A-944D2E8BE17A}.Debug|Any CPU.ActiveCfg = Debug|Any CPU
		{510DCFDF-F560-4A5B-998A-944D2E8BE17A}.Debug|Any CPU.Build.0 = Debug|Any CPU
		{510DCFDF-F560-4A5B-998A-944D2E8BE17A}.Release|Any CPU.ActiveCfg = Release|Any CPU
		{510DCFDF-F560-4A5B-998A-944D2E8BE17A}.Release|Any CPU.Build.0 = Release|Any CPU
		{4AB395C3-8E77-4201-9DDF-5055BB0CAFFA}.Debug|Any CPU.ActiveCfg = Debug|Any CPU
		{4AB395C3-8E77-4201-9DDF-5055BB0CAFFA}.Debug|Any CPU.Build.0 = Debug|Any CPU
		{4AB395C3-8E77-4201-9DDF-5055BB0CAFFA}.Release|Any CPU.ActiveCfg = Release|Any CPU
		{4AB395C3-8E77-4201-9DDF-5055BB0CAFFA}.Release|Any CPU.Build.0 = Release|Any CPU
	EndGlobalSection
	GlobalSection(SolutionProperties) = preSolution
		HideSolutionNode = FALSE
	EndGlobalSection
	GlobalSection(ExtensibilityGlobals) = postSolution
		SolutionGuid = {457DCC21-FD60-4C8A-A021-0C0AE90A8569}
	EndGlobalSection
EndGlobal
